
Microsoft Visual Studio Solution File, Format Version 12.00
# Visual Studio Version 16
VisualStudioVersion = 16.0.30608.117
MinimumVisualStudioVersion = 10.0.40219.1
Project("{9A19103F-16F7-4668-BE54-9A1E7A4F7556}") = "Superpowers.Net5.WebApi", "Superpowers.Net5.WebApi\Superpowers.Net5.WebApi.csproj", "{598CF534-358C-492C-89C6-D9B21FAB10DB}"
EndProject
Project("{9A19103F-16F7-4668-BE54-9A1E7A4F7556}") = "Superpowers.Net5.Blazor.Client", "Superpowers.Net5.Blazor\Client\Superpowers.Net5.Blazor.Client.csproj", "{AC6B2CDE-45FB-415C-B1B2-62B62430F59B}"
EndProject
Project("{9A19103F-16F7-4668-BE54-9A1E7A4F7556}") = "Superpowers.Net5.Models", "Superpowers.Net5.Models\Superpowers.Net5.Models.csproj", "{36A1C4EE-0CB5-4373-8D77-515D69BC766E}"
EndProject
Project("{9A19103F-16F7-4668-BE54-9A1E7A4F7556}") = "Superpowers.Net5.Domain", "Superpowers.Net5.Domain\Superpowers.Net5.Domain.csproj", "{BE3420F4-57B6-4A0B-A94D-FF4987E5C7FE}"
EndProject
Project("{9A19103F-16F7-4668-BE54-9A1E7A4F7556}") = "Superpowers.Net5.Ef", "Superpowers.Net5.Ef\Superpowers.Net5.Ef.csproj", "{103E77A1-F00A-4D3B-ADEC-91B0BF64368D}"
EndProject
Project("{FAE04EC0-301F-11D3-BF4B-00C04F79EFBC}") = "SuperPowers.Net5.GRPC", "SuperPowers.Net5.GRPC\SuperPowers.Net5.GRPC.csproj", "{5EDA1A6C-4BF7-4D11-902C-B09BFBBAF304}"
EndProject
Global
	GlobalSection(SolutionConfigurationPlatforms) = preSolution
		Debug|Any CPU = Debug|Any CPU
		Release|Any CPU = Release|Any CPU
	EndGlobalSection
	GlobalSection(ProjectConfigurationPlatforms) = postSolution
		{598CF534-358C-492C-89C6-D9B21FAB10DB}.Debug|Any CPU.ActiveCfg = Debug|Any CPU
		{598CF534-358C-492C-89C6-D9B21FAB10DB}.Debug|Any CPU.Build.0 = Debug|Any CPU
		{598CF534-358C-492C-89C6-D9B21FAB10DB}.Release|Any CPU.ActiveCfg = Release|Any CPU
		{598CF534-358C-492C-89C6-D9B21FAB10DB}.Release|Any CPU.Build.0 = Release|Any CPU
		{AC6B2CDE-45FB-415C-B1B2-62B62430F59B}.Debug|Any CPU.ActiveCfg = Debug|Any CPU
		{AC6B2CDE-45FB-415C-B1B2-62B62430F59B}.Debug|Any CPU.Build.0 = Debug|Any CPU
		{AC6B2CDE-45FB-415C-B1B2-62B62430F59B}.Release|Any CPU.ActiveCfg = Release|Any CPU
		{AC6B2CDE-45FB-415C-B1B2-62B62430F59B}.Release|Any CPU.Build.0 = Release|Any CPU
		{36A1C4EE-0CB5-4373-8D77-515D69BC766E}.Debug|Any CPU.ActiveCfg = Debug|Any CPU
		{36A1C4EE-0CB5-4373-8D77-515D69BC766E}.Debug|Any CPU.Build.0 = Debug|Any CPU
		{36A1C4EE-0CB5-4373-8D77-515D69BC766E}.Release|Any CPU.ActiveCfg = Release|Any CPU
		{36A1C4EE-0CB5-4373-8D77-515D69BC766E}.Release|Any CPU.Build.0 = Release|Any CPU
		{BE3420F4-57B6-4A0B-A94D-FF4987E5C7FE}.Debug|Any CPU.ActiveCfg = Debug|Any CPU
		{BE3420F4-57B6-4A0B-A94D-FF4987E5C7FE}.Debug|Any CPU.Build.0 = Debug|Any CPU
		{BE3420F4-57B6-4A0B-A94D-FF4987E5C7FE}.Release|Any CPU.ActiveCfg = Release|Any CPU
		{BE3420F4-57B6-4A0B-A94D-FF4987E5C7FE}.Release|Any CPU.Build.0 = Release|Any CPU
		{103E77A1-F00A-4D3B-ADEC-91B0BF64368D}.Debug|Any CPU.ActiveCfg = Debug|Any CPU
		{103E77A1-F00A-4D3B-ADEC-91B0BF64368D}.Debug|Any CPU.Build.0 = Debug|Any CPU
		{103E77A1-F00A-4D3B-ADEC-91B0BF64368D}.Release|Any CPU.ActiveCfg = Release|Any CPU
		{103E77A1-F00A-4D3B-ADEC-91B0BF64368D}.Release|Any CPU.Build.0 = Release|Any CPU
		{5EDA1A6C-4BF7-4D11-902C-B09BFBBAF304}.Debug|Any CPU.ActiveCfg = Debug|Any CPU
		{5EDA1A6C-4BF7-4D11-902C-B09BFBBAF304}.Debug|Any CPU.Build.0 = Debug|Any CPU
		{5EDA1A6C-4BF7-4D11-902C-B09BFBBAF304}.Release|Any CPU.ActiveCfg = Release|Any CPU
		{5EDA1A6C-4BF7-4D11-902C-B09BFBBAF304}.Release|Any CPU.Build.0 = Release|Any CPU
	EndGlobalSection
	GlobalSection(SolutionProperties) = preSolution
		HideSolutionNode = FALSE
	EndGlobalSection
	GlobalSection(ExtensibilityGlobals) = postSolution
		SolutionGuid = {38A0A000-49AA-4592-8FE1-FAC5E0D2D4AA}
	EndGlobalSection
EndGlobal
