
Microsoft Visual Studio Solution File, Format Version 12.00
# Visual Studio Version 16
VisualStudioVersion = 16.0.30608.117
MinimumVisualStudioVersion = 10.0.40219.1
Project("{9A19103F-16F7-4668-BE54-9A1E7A4F7556}") = "Superpowers.Net5.WebApi", "Superpowers.Net5.WebApi\Superpowers.Net5.WebApi.csproj", "{598CF534-358C-492C-89C6-D9B21FAB10DB}"
EndProject
Project("{FAE04EC0-301F-11D3-BF4B-00C04F79EFBC}") = "Superpowers.Net5.Blazor.Client", "Superpowers.Net5.Blazor\Client\Superpowers.Net5.Blazor.Client.csproj", "{AC6B2CDE-45FB-415C-B1B2-62B62430F59B}"
EndProject
Project("{FAE04EC0-301F-11D3-BF4B-00C04F79EFBC}") = "Superpowers.Net5.Models", "Superpowers.Net5.Models\Superpowers.Net5.Models.csproj", "{36A1C4EE-0CB5-4373-8D77-515D69BC766E}"
EndProject
Global
	GlobalSection(SolutionConfigurationPlatforms) = preSolution
		Debug|Any CPU = Debug|Any CPU
		Release|Any CPU = Release|Any CPU
	EndGlobalSection
	GlobalSection(ProjectConfigurationPlatforms) = postSolution
		{598CF534-358C-492C-89C6-D9B21FAB10DB}.Debug|Any CPU.ActiveCfg = Debug|Any CPU
		{598CF534-358C-492C-89C6-D9B21FAB10DB}.Debug|Any CPU.Build.0 = Debug|Any CPU
		{598CF534-358C-492C-89C6-D9B21FAB10DB}.Release|Any CPU.ActiveCfg = Release|Any CPU
		{598CF534-358C-492C-89C6-D9B21FAB10DB}.Release|Any CPU.Build.0 = Release|Any CPU
		{AC6B2CDE-45FB-415C-B1B2-62B62430F59B}.Debug|Any CPU.ActiveCfg = Debug|Any CPU
		{AC6B2CDE-45FB-415C-B1B2-62B62430F59B}.Debug|Any CPU.Build.0 = Debug|Any CPU
		{AC6B2CDE-45FB-415C-B1B2-62B62430F59B}.Release|Any CPU.ActiveCfg = Release|Any CPU
		{AC6B2CDE-45FB-415C-B1B2-62B62430F59B}.Release|Any CPU.Build.0 = Release|Any CPU
		{36A1C4EE-0CB5-4373-8D77-515D69BC766E}.Debug|Any CPU.ActiveCfg = Debug|Any CPU
		{36A1C4EE-0CB5-4373-8D77-515D69BC766E}.Debug|Any CPU.Build.0 = Debug|Any CPU
		{36A1C4EE-0CB5-4373-8D77-515D69BC766E}.Release|Any CPU.ActiveCfg = Release|Any CPU
		{36A1C4EE-0CB5-4373-8D77-515D69BC766E}.Release|Any CPU.Build.0 = Release|Any CPU
	EndGlobalSection
	GlobalSection(SolutionProperties) = preSolution
		HideSolutionNode = FALSE
	EndGlobalSection
	GlobalSection(ExtensibilityGlobals) = postSolution
		SolutionGuid = {38A0A000-49AA-4592-8FE1-FAC5E0D2D4AA}
	EndGlobalSection
EndGlobal
